
Microsoft Visual Studio Solution File, Format Version 12.00
# Visual Studio 15
VisualStudioVersion = 15.0.28307.271
MinimumVisualStudioVersion = 10.0.40219.1
Project("{FAE04EC0-301F-11D3-BF4B-00C04F79EFBC}") = "Swan", "Swan\Swan.csproj", "{0A40A5E3-C070-4D81-8C4C-93AA69C52506}"
EndProject
Global
	GlobalSection(SolutionConfigurationPlatforms) = preSolution
		Debug|Any CPU = Debug|Any CPU
		Release|Any CPU = Release|Any CPU
	EndGlobalSection
	GlobalSection(ProjectConfigurationPlatforms) = postSolution
		{0A40A5E3-C070-4D81-8C4C-93AA69C52506}.Debug|Any CPU.ActiveCfg = Debug|Any CPU
		{0A40A5E3-C070-4D81-8C4C-93AA69C52506}.Debug|Any CPU.Build.0 = Debug|Any CPU
		{0A40A5E3-C070-4D81-8C4C-93AA69C52506}.Release|Any CPU.ActiveCfg = Release|Any CPU
		{0A40A5E3-C070-4D81-8C4C-93AA69C52506}.Release|Any CPU.Build.0 = Release|Any CPU
	EndGlobalSection
	GlobalSection(SolutionProperties) = preSolution
		HideSolutionNode = FALSE
	EndGlobalSection
	GlobalSection(ExtensibilityGlobals) = postSolution
		SolutionGuid = {360F7077-B7E2-4124-B0E2-F24564C001E6}
	EndGlobalSection
EndGlobal
